
Microsoft Visual Studio Solution File, Format Version 12.00
# Visual Studio 2012
Project("{FAE04EC0-301F-11D3-BF4B-00C04F79EFBC}") = "Disor", "Disor\Disor.csproj", "{366B75EF-46E3-400A-916A-979941DE3955}"
EndProject
Project("{FAE04EC0-301F-11D3-BF4B-00C04F79EFBC}") = "Logica", "Logica\Logica.csproj", "{1C4AACAE-7609-421F-8110-F3F1F25872D5}"
EndProject
Project("{FAE04EC0-301F-11D3-BF4B-00C04F79EFBC}") = "Testing", "Testing\Testing.csproj", "{59378544-0B63-4994-AE43-90DE4EEF1D48}"
EndProject
Global
	GlobalSection(SolutionConfigurationPlatforms) = preSolution
		Debug|Any CPU = Debug|Any CPU
		Release|Any CPU = Release|Any CPU
	EndGlobalSection
	GlobalSection(ProjectConfigurationPlatforms) = postSolution
		{366B75EF-46E3-400A-916A-979941DE3955}.Debug|Any CPU.ActiveCfg = Debug|Any CPU
		{366B75EF-46E3-400A-916A-979941DE3955}.Debug|Any CPU.Build.0 = Debug|Any CPU
		{366B75EF-46E3-400A-916A-979941DE3955}.Release|Any CPU.ActiveCfg = Release|Any CPU
		{366B75EF-46E3-400A-916A-979941DE3955}.Release|Any CPU.Build.0 = Release|Any CPU
		{1C4AACAE-7609-421F-8110-F3F1F25872D5}.Debug|Any CPU.ActiveCfg = Debug|Any CPU
		{1C4AACAE-7609-421F-8110-F3F1F25872D5}.Debug|Any CPU.Build.0 = Debug|Any CPU
		{1C4AACAE-7609-421F-8110-F3F1F25872D5}.Release|Any CPU.ActiveCfg = Release|Any CPU
		{1C4AACAE-7609-421F-8110-F3F1F25872D5}.Release|Any CPU.Build.0 = Release|Any CPU
		{59378544-0B63-4994-AE43-90DE4EEF1D48}.Debug|Any CPU.ActiveCfg = Debug|Any CPU
		{59378544-0B63-4994-AE43-90DE4EEF1D48}.Debug|Any CPU.Build.0 = Debug|Any CPU
		{59378544-0B63-4994-AE43-90DE4EEF1D48}.Release|Any CPU.ActiveCfg = Release|Any CPU
		{59378544-0B63-4994-AE43-90DE4EEF1D48}.Release|Any CPU.Build.0 = Release|Any CPU
	EndGlobalSection
	GlobalSection(SolutionProperties) = preSolution
		HideSolutionNode = FALSE
	EndGlobalSection
EndGlobal
